{
  "nodes": {
    "fenix": {
      "inputs": {
        "nixpkgs": [
          "nixpkgs"
        ],
        "rust-analyzer-src": "rust-analyzer-src"
      },
      "locked": {
        "lastModified": 1744785355,
        "narHash": "sha256-A2nwWS6g4xX92/Fj7hrRz5e/MjRIiBzV6+qBzMLaL6Q=",
        "owner": "nix-community",
        "repo": "fenix",
        "rev": "a04587e142d4bc2519787ab5b8b879e72015d912",
        "type": "github"
      },
      "original": {
        "owner": "nix-community",
        "repo": "fenix",
        "type": "github"
      }
    },
    "home-manager": {
      "inputs": {
        "nixpkgs": [
          "nixpkgs"
        ]
      },
      "locked": {
        "lastModified": 1744117652,
        "narHash": "sha256-t7dFCDl4vIOOUMhEZnJF15aAzkpaup9x4ZRGToDFYWI=",
        "owner": "nix-community",
        "repo": "home-manager",
        "rev": "b4e98224ad1336751a2ac7493967a4c9f6d9cb3f",
        "type": "github"
      },
      "original": {
        "owner": "nix-community",
        "ref": "release-24.11",
        "repo": "home-manager",
        "type": "github"
      }
    },
    "nixpkgs": {
      "locked": {
        "lastModified": 1744309437,
        "narHash": "sha256-QZnNHM823am8apCqKSPdtnzPGTy2ZB4zIXOVoBp5+W0=",
        "owner": "NixOS",
        "repo": "nixpkgs",
        "rev": "f9ebe33a928b5d529c895202263a5ce46bdf12f7",
        "type": "github"
      },
      "original": {
        "owner": "NixOS",
        "ref": "nixos-24.11",
        "repo": "nixpkgs",
        "type": "github"
      }
    },
    "nixpkgs-unstable": {
      "locked": {
        "lastModified": 1744232761,
        "narHash": "sha256-gbl9hE39nQRpZaLjhWKmEu5ejtQsgI5TWYrIVVJn30U=",
        "owner": "NixOS",
        "repo": "nixpkgs",
        "rev": "f675531bc7e6657c10a18b565cfebd8aa9e24c14",
        "type": "github"
      },
      "original": {
        "owner": "NixOS",
        "ref": "nixos-unstable",
        "repo": "nixpkgs",
        "type": "github"
      }
    },
    "root": {
      "inputs": {
        "fenix": "fenix",
        "home-manager": "home-manager",
        "nixpkgs": "nixpkgs",
        "nixpkgs-unstable": "nixpkgs-unstable"
      }
    },
    "rust-analyzer-src": {
      "flake": false,
      "locked": {
        "lastModified": 1744743084,
        "narHash": "sha256-0J4rF/TO42gpCetm/PfX20aMBPJ30QiThlmwVgRJjn8=",
        "owner": "rust-lang",
        "repo": "rust-analyzer",
        "rev": "bdd04916685657b22cf38b9405c9f87cdaae4242",
        "type": "github"
      },
      "original": {
        "owner": "rust-lang",
        "ref": "nightly",
        "repo": "rust-analyzer",
        "type": "github"
      }
    }
  },
  "root": "root",
  "version": 7
}
