{
  "nodes": {
    "fenix": {
      "inputs": {
        "nixpkgs": [
          "nixpkgs"
        ],
        "rust-analyzer-src": "rust-analyzer-src"
      },
      "locked": {
        "lastModified": 1745563104,
        "narHash": "sha256-YXpJiegajPiUooLCmKtaA3x63oUXTw/C/9c80Vd6Czw=",
        "owner": "nix-community",
        "repo": "fenix",
        "rev": "b4a3938f8161678897983c6fa2461eb5ce54371b",
        "type": "github"
      },
      "original": {
        "owner": "nix-community",
        "repo": "fenix",
        "type": "github"
      }
    },
    "home-manager": {
      "inputs": {
        "nixpkgs": [
          "nixpkgs"
        ]
      },
      "locked": {
        "lastModified": 1745557122,
        "narHash": "sha256-eqSo9ugzsqhFgaDFYUZj943nurlX4L6f+AW0skJ4W+M=",
        "owner": "nix-community",
        "repo": "home-manager",
        "rev": "dd26f75fb4ec1c731d4b1396eaf4439ce40a91c1",
        "type": "github"
      },
      "original": {
        "owner": "nix-community",
        "ref": "release-24.11",
        "repo": "home-manager",
        "type": "github"
      }
    },
    "nixpkgs": {
      "locked": {
        "lastModified": 1745487689,
        "narHash": "sha256-FQoi3R0NjQeBAsEOo49b5tbDPcJSMWc3QhhaIi9eddw=",
        "owner": "NixOS",
        "repo": "nixpkgs",
        "rev": "5630cf13cceac06cefe9fc607e8dfa8fb342dde3",
        "type": "github"
      },
      "original": {
        "owner": "NixOS",
        "ref": "nixos-24.11",
        "repo": "nixpkgs",
        "type": "github"
      }
    },
    "nixpkgs-unstable": {
      "locked": {
        "lastModified": 1745391562,
        "narHash": "sha256-sPwcCYuiEopaafePqlG826tBhctuJsLx/mhKKM5Fmjo=",
        "owner": "NixOS",
        "repo": "nixpkgs",
        "rev": "8a2f738d9d1f1d986b5a4cd2fd2061a7127237d7",
        "type": "github"
      },
      "original": {
        "owner": "NixOS",
        "ref": "nixos-unstable",
        "repo": "nixpkgs",
        "type": "github"
      }
    },
    "root": {
      "inputs": {
        "fenix": "fenix",
        "home-manager": "home-manager",
        "nixpkgs": "nixpkgs",
        "nixpkgs-unstable": "nixpkgs-unstable"
      }
    },
    "rust-analyzer-src": {
      "flake": false,
      "locked": {
        "lastModified": 1745499382,
        "narHash": "sha256-YqhoUWJuWlS7GFvbvu9rzpniNfL738vV+L2cuodhcyU=",
        "owner": "rust-lang",
        "repo": "rust-analyzer",
        "rev": "dd41cda70ecf05308d7a3d418be00f351b2b0619",
        "type": "github"
      },
      "original": {
        "owner": "rust-lang",
        "ref": "nightly",
        "repo": "rust-analyzer",
        "type": "github"
      }
    }
  },
  "root": "root",
  "version": 7
}
